// !$*UTF8*$!
{
	archiveVersion = 1;
	classes = {
	};
	objectVersion = 56;
	objects = {

/* Begin PBXBuildFile section */
		3EBAA23B28F54C1400834FA9 /* APICaller.swift in Sources */ = {isa = PBXBuildFile; fileRef = 3EBAA23A28F54C1400834FA9 /* APICaller.swift */; };
		3EBAA23D28F5547E00834FA9 /* CryptoTableViewCell.swift in Sources */ = {isa = PBXBuildFile; fileRef = 3EBAA23C28F5547E00834FA9 /* CryptoTableViewCell.swift */; };
		3EBAA23F28F55DE300834FA9 /* Models.swift in Sources */ = {isa = PBXBuildFile; fileRef = 3EBAA23E28F55DE300834FA9 /* Models.swift */; };
		3ED18DC328F43D410034E777 /* AppDelegate.swift in Sources */ = {isa = PBXBuildFile; fileRef = 3ED18DC228F43D410034E777 /* AppDelegate.swift */; };
		3ED18DC528F43D410034E777 /* SceneDelegate.swift in Sources */ = {isa = PBXBuildFile; fileRef = 3ED18DC428F43D410034E777 /* SceneDelegate.swift */; };
		3ED18DC728F43D410034E777 /* ViewController.swift in Sources */ = {isa = PBXBuildFile; fileRef = 3ED18DC628F43D410034E777 /* ViewController.swift */; };
		3ED18DCA28F43D410034E777 /* Main.storyboard in Resources */ = {isa = PBXBuildFile; fileRef = 3ED18DC828F43D410034E777 /* Main.storyboard */; };
		3ED18DCC28F43D430034E777 /* Assets.xcassets in Resources */ = {isa = PBXBuildFile; fileRef = 3ED18DCB28F43D430034E777 /* Assets.xcassets */; };
		3ED18DCF28F43D430034E777 /* LaunchScreen.storyboard in Resources */ = {isa = PBXBuildFile; fileRef = 3ED18DCD28F43D430034E777 /* LaunchScreen.storyboard */; };
/* End PBXBuildFile section */

/* Begin PBXFileReference section */
		3EBAA23A28F54C1400834FA9 /* APICaller.swift */ = {isa = PBXFileReference; lastKnownFileType = sourcecode.swift; path = APICaller.swift; sourceTree = "<group>"; };
		3EBAA23C28F5547E00834FA9 /* CryptoTableViewCell.swift */ = {isa = PBXFileReference; lastKnownFileType = sourcecode.swift; path = CryptoTableViewCell.swift; sourceTree = "<group>"; };
		3EBAA23E28F55DE300834FA9 /* Models.swift */ = {isa = PBXFileReference; lastKnownFileType = sourcecode.swift; path = Models.swift; sourceTree = "<group>"; };
		3ED18DBF28F43D410034E777 /* CryptoAssets.app */ = {isa = PBXFileReference; explicitFileType = wrapper.application; includeInIndex = 0; path = CryptoAssets.app; sourceTree = BUILT_PRODUCTS_DIR; };
		3ED18DC228F43D410034E777 /* AppDelegate.swift */ = {isa = PBXFileReference; lastKnownFileType = sourcecode.swift; path = AppDelegate.swift; sourceTree = "<group>"; };
		3ED18DC428F43D410034E777 /* SceneDelegate.swift */ = {isa = PBXFileReference; lastKnownFileType = sourcecode.swift; path = SceneDelegate.swift; sourceTree = "<group>"; };
		3ED18DC628F43D410034E777 /* ViewController.swift */ = {isa = PBXFileReference; lastKnownFileType = sourcecode.swift; path = ViewController.swift; sourceTree = "<group>"; };
		3ED18DC928F43D410034E777 /* Base */ = {isa = PBXFileReference; lastKnownFileType = file.storyboard; name = Base; path = Base.lproj/Main.storyboard; sourceTree = "<group>"; };
		3ED18DCB28F43D430034E777 /* Assets.xcassets */ = {isa = PBXFileReference; lastKnownFileType = folder.assetcatalog; path = Assets.xcassets; sourceTree = "<group>"; };
		3ED18DCE28F43D430034E777 /* Base */ = {isa = PBXFileReference; lastKnownFileType = file.storyboard; name = Base; path = Base.lproj/LaunchScreen.storyboard; sourceTree = "<group>"; };
		3ED18DD028F43D430034E777 /* Info.plist */ = {isa = PBXFileReference; lastKnownFileType = text.plist.xml; path = Info.plist; sourceTree = "<group>"; };
/* End PBXFileReference section */

/* Begin PBXFrameworksBuildPhase section */
		3ED18DBC28F43D410034E777 /* Frameworks */ = {
			isa = PBXFrameworksBuildPhase;
			buildActionMask = 2147483647;
			files = (
			);
			runOnlyForDeploymentPostprocessing = 0;
		};
/* End PBXFrameworksBuildPhase section */

/* Begin PBXGroup section */
		3ED18DB628F43D410034E777 = {
			isa = PBXGroup;
			children = (
				3ED18DC128F43D410034E777 /* CryptoAssets */,
				3ED18DC028F43D410034E777 /* Products */,
			);
			sourceTree = "<group>";
		};
		3ED18DC028F43D410034E777 /* Products */ = {
			isa = PBXGroup;
			children = (
				3ED18DBF28F43D410034E777 /* CryptoAssets.app */,
			);
			name = Products;
			sourceTree = "<group>";
		};
		3ED18DC128F43D410034E777 /* CryptoAssets */ = {
			isa = PBXGroup;
			children = (
				3ED18DC228F43D410034E777 /* AppDelegate.swift */,
				3ED18DC428F43D410034E777 /* SceneDelegate.swift */,
				3ED18DC628F43D410034E777 /* ViewController.swift */,
				3ED18DC828F43D410034E777 /* Main.storyboard */,
				3ED18DCB28F43D430034E777 /* Assets.xcassets */,
				3ED18DCD28F43D430034E777 /* LaunchScreen.storyboard */,
				3ED18DD028F43D430034E777 /* Info.plist */,
				3EBAA23A28F54C1400834FA9 /* APICaller.swift */,
				3EBAA23C28F5547E00834FA9 /* CryptoTableViewCell.swift */,
				3EBAA23E28F55DE300834FA9 /* Models.swift */,
			);
			path = CryptoAssets;
			sourceTree = "<group>";
		};
/* End PBXGroup section */

/* Begin PBXNativeTarget section */
		3ED18DBE28F43D410034E777 /* CryptoAssets */ = {
			isa = PBXNativeTarget;
			buildConfigurationList = 3ED18DD328F43D430034E777 /* Build configuration list for PBXNativeTarget "CryptoAssets" */;
			buildPhases = (
				3ED18DBB28F43D410034E777 /* Sources */,
				3ED18DBC28F43D410034E777 /* Frameworks */,
				3ED18DBD28F43D410034E777 /* Resources */,
			);
			buildRules = (
			);
			dependencies = (
			);
			name = CryptoAssets;
			productName = CryptoAssets;
			productReference = 3ED18DBF28F43D410034E777 /* CryptoAssets.app */;
			productType = "com.apple.product-type.application";
		};
/* End PBXNativeTarget section */

/* Begin PBXProject section */
		3ED18DB728F43D410034E777 /* Project object */ = {
			isa = PBXProject;
			attributes = {
				BuildIndependentTargetsInParallel = 1;
				LastSwiftUpdateCheck = 1400;
				LastUpgradeCheck = 1400;
				TargetAttributes = {
					3ED18DBE28F43D410034E777 = {
						CreatedOnToolsVersion = 14.0.1;
					};
				};
			};
			buildConfigurationList = 3ED18DBA28F43D410034E777 /* Build configuration list for PBXProject "CryptoAssets" */;
			compatibilityVersion = "Xcode 14.0";
			developmentRegion = en;
			hasScannedForEncodings = 0;
			knownRegions = (
				en,
				Base,
			);
			mainGroup = 3ED18DB628F43D410034E777;
			productRefGroup = 3ED18DC028F43D410034E777 /* Products */;
			projectDirPath = "";
			projectRoot = "";
			targets = (
				3ED18DBE28F43D410034E777 /* CryptoAssets */,
			);
		};
/* End PBXProject section */

/* Begin PBXResourcesBuildPhase section */
		3ED18DBD28F43D410034E777 /* Resources */ = {
			isa = PBXResourcesBuildPhase;
			buildActionMask = 2147483647;
			files = (
				3ED18DCF28F43D430034E777 /* LaunchScreen.storyboard in Resources */,
				3ED18DCC28F43D430034E777 /* Assets.xcassets in Resources */,
				3ED18DCA28F43D410034E777 /* Main.storyboard in Resources */,
			);
			runOnlyForDeploymentPostprocessing = 0;
		};
/* End PBXResourcesBuildPhase section */

/* Begin PBXSourcesBuildPhase section */
		3ED18DBB28F43D410034E777 /* Sources */ = {
			isa = PBXSourcesBuildPhase;
			buildActionMask = 2147483647;
			files = (
				3ED18DC728F43D410034E777 /* ViewController.swift in Sources */,
				3ED18DC328F43D410034E777 /* AppDelegate.swift in Sources */,
				3ED18DC528F43D410034E777 /* SceneDelegate.swift in Sources */,
				3EBAA23F28F55DE300834FA9 /* Models.swift in Sources */,
				3EBAA23D28F5547E00834FA9 /* CryptoTableViewCell.swift in Sources */,
				3EBAA23B28F54C1400834FA9 /* APICaller.swift in Sources */,
			);
			runOnlyForDeploymentPostprocessing = 0;
		};
/* End PBXSourcesBuildPhase section */

/* Begin PBXVariantGroup section */
		3ED18DC828F43D410034E777 /* Main.storyboard */ = {
			isa = PBXVariantGroup;
			children = (
				3ED18DC928F43D410034E777 /* Base */,
			);
			name = Main.storyboard;
			sourceTree = "<group>";
		};
		3ED18DCD28F43D430034E777 /* LaunchScreen.storyboard */ = {
			isa = PBXVariantGroup;
			children = (
				3ED18DCE28F43D430034E777 /* Base */,
			);
			name = LaunchScreen.storyboard;
			sourceTree = "<group>";
		};
/* End PBXVariantGroup section */

/* Begin XCBuildConfiguration section */
		3ED18DD128F43D430034E777 /* Debug */ = {
			isa = XCBuildConfiguration;
			buildSettings = {
				ALWAYS_SEARCH_USER_PATHS = NO;
				CLANG_ANALYZER_NONNULL = YES;
				CLANG_ANALYZER_NUMBER_OBJECT_CONVERSION = YES_AGGRESSIVE;
				CLANG_CXX_LANGUAGE_STANDARD = "gnu++20";
				CLANG_ENABLE_MODULES = YES;
				CLANG_ENABLE_OBJC_ARC = YES;
				CLANG_ENABLE_OBJC_WEAK = YES;
				CLANG_WARN_BLOCK_CAPTURE_AUTORELEASING = YES;
				CLANG_WARN_BOOL_CONVERSION = YES;
				CLANG_WARN_COMMA = YES;
				CLANG_WARN_CONSTANT_CONVERSION = YES;
				CLANG_WARN_DEPRECATED_OBJC_IMPLEMENTATIONS = YES;
				CLANG_WARN_DIRECT_OBJC_ISA_USAGE = YES_ERROR;
				CLANG_WARN_DOCUMENTATION_COMMENTS = YES;
				CLANG_WARN_EMPTY_BODY = YES;
				CLANG_WARN_ENUM_CONVERSION = YES;
				CLANG_WARN_INFINITE_RECURSION = YES;
				CLANG_WARN_INT_CONVERSION = YES;
				CLANG_WARN_NON_LITERAL_NULL_CONVERSION = YES;
				CLANG_WARN_OBJC_IMPLICIT_RETAIN_SELF = YES;
				CLANG_WARN_OBJC_LITERAL_CONVERSION = YES;
				CLANG_WARN_OBJC_ROOT_CLASS = YES_ERROR;
				CLANG_WARN_QUOTED_INCLUDE_IN_FRAMEWORK_HEADER = YES;
				CLANG_WARN_RANGE_LOOP_ANALYSIS = YES;
				CLANG_WARN_STRICT_PROTOTYPES = YES;
				CLANG_WARN_SUSPICIOUS_MOVE = YES;
				CLANG_WARN_UNGUARDED_AVAILABILITY = YES_AGGRESSIVE;
				CLANG_WARN_UNREACHABLE_CODE = YES;
				CLANG_WARN__DUPLICATE_METHOD_MATCH = YES;
				COPY_PHASE_STRIP = NO;
				DEBUG_INFORMATION_FORMAT = dwarf;
				ENABLE_STRICT_OBJC_MSGSEND = YES;
				ENABLE_TESTABILITY = YES;
				GCC_C_LANGUAGE_STANDARD = gnu11;
				GCC_DYNAMIC_NO_PIC = NO;
				GCC_NO_COMMON_BLOCKS = YES;
				GCC_OPTIMIZATION_LEVEL = 0;
				GCC_PREPROCESSOR_DEFINITIONS = (
					"DEBUG=1",
					"$(inherited)",
				);
				GCC_WARN_64_TO_32_BIT_CONVERSION = YES;
				GCC_WARN_ABOUT_RETURN_TYPE = YES_ERROR;
				GCC_WARN_UNDECLARED_SELECTOR = YES;
				GCC_WARN_UNINITIALIZED_AUTOS = YES_AGGRESSIVE;
				GCC_WARN_UNUSED_FUNCTION = YES;
				GCC_WARN_UNUSED_VARIABLE = YES;
				IPHONEOS_DEPLOYMENT_TARGET = 16.0;
				MTL_ENABLE_DEBUG_INFO = INCLUDE_SOURCE;
				MTL_FAST_MATH = YES;
				ONLY_ACTIVE_ARCH = YES;
				SDKROOT = iphoneos;
				SWIFT_ACTIVE_COMPILATION_CONDITIONS = DEBUG;
				SWIFT_OPTIMIZATION_LEVEL = "-Onone";
			};
			name = Debug;
		};
		3ED18DD228F43D430034E777 /* Release */ = {
			isa = XCBuildConfiguration;
			buildSettings = {
				ALWAYS_SEARCH_USER_PATHS = NO;
				CLANG_ANALYZER_NONNULL = YES;
				CLANG_ANALYZER_NUMBER_OBJECT_CONVERSION = YES_AGGRESSIVE;
				CLANG_CXX_LANGUAGE_STANDARD = "gnu++20";
				CLANG_ENABLE_MODULES = YES;
				CLANG_ENABLE_OBJC_ARC = YES;
				CLANG_ENABLE_OBJC_WEAK = YES;
				CLANG_WARN_BLOCK_CAPTURE_AUTORELEASING = YES;
				CLANG_WARN_BOOL_CONVERSION = YES;
				CLANG_WARN_COMMA = YES;
				CLANG_WARN_CONSTANT_CONVERSION = YES;
				CLANG_WARN_DEPRECATED_OBJC_IMPLEMENTATIONS = YES;
				CLANG_WARN_DIRECT_OBJC_ISA_USAGE = YES_ERROR;
				CLANG_WARN_DOCUMENTATION_COMMENTS = YES;
				CLANG_WARN_EMPTY_BODY = YES;
				CLANG_WARN_ENUM_CONVERSION = YES;
				CLANG_WARN_INFINITE_RECURSION = YES;
				CLANG_WARN_INT_CONVERSION = YES;
				CLANG_WARN_NON_LITERAL_NULL_CONVERSION = YES;
				CLANG_WARN_OBJC_IMPLICIT_RETAIN_SELF = YES;
				CLANG_WARN_OBJC_LITERAL_CONVERSION = YES;
				CLANG_WARN_OBJC_ROOT_CLASS = YES_ERROR;
				CLANG_WARN_QUOTED_INCLUDE_IN_FRAMEWORK_HEADER = YES;
				CLANG_WARN_RANGE_LOOP_ANALYSIS = YES;
				CLANG_WARN_STRICT_PROTOTYPES = YES;
				CLANG_WARN_SUSPICIOUS_MOVE = YES;
				CLANG_WARN_UNGUARDED_AVAILABILITY = YES_AGGRESSIVE;
				CLANG_WARN_UNREACHABLE_CODE = YES;
				CLANG_WARN__DUPLICATE_METHOD_MATCH = YES;
				COPY_PHASE_STRIP = NO;
				DEBUG_INFORMATION_FORMAT = "dwarf-with-dsym";
				ENABLE_NS_ASSERTIONS = NO;
				ENABLE_STRICT_OBJC_MSGSEND = YES;
				GCC_C_LANGUAGE_STANDARD = gnu11;
				GCC_NO_COMMON_BLOCKS = YES;
				GCC_WARN_64_TO_32_BIT_CONVERSION = YES;
				GCC_WARN_ABOUT_RETURN_TYPE = YES_ERROR;
				GCC_WARN_UNDECLARED_SELECTOR = YES;
				GCC_WARN_UNINITIALIZED_AUTOS = YES_AGGRESSIVE;
				GCC_WARN_UNUSED_FUNCTION = YES;
				GCC_WARN_UNUSED_VARIABLE = YES;
				IPHONEOS_DEPLOYMENT_TARGET = 16.0;
				MTL_ENABLE_DEBUG_INFO = NO;
				MTL_FAST_MATH = YES;
				SDKROOT = iphoneos;
				SWIFT_COMPILATION_MODE = wholemodule;
				SWIFT_OPTIMIZATION_LEVEL = "-O";
				VALIDATE_PRODUCT = YES;
			};
			name = Release;
		};
		3ED18DD428F43D430034E777 /* Debug */ = {
			isa = XCBuildConfiguration;
			buildSettings = {
				ASSETCATALOG_COMPILER_APPICON_NAME = AppIcon;
				ASSETCATALOG_COMPILER_GLOBAL_ACCENT_COLOR_NAME = AccentColor;
				CODE_SIGN_STYLE = Automatic;
				CURRENT_PROJECT_VERSION = 1;
				DEVELOPMENT_TEAM = T9HZSHQT3J;
				GENERATE_INFOPLIST_FILE = YES;
				INFOPLIST_FILE = CryptoAssets/Info.plist;
				INFOPLIST_KEY_UIApplicationSupportsIndirectInputEvents = YES;
				INFOPLIST_KEY_UILaunchStoryboardName = LaunchScreen;
				INFOPLIST_KEY_UIMainStoryboardFile = Main;
				INFOPLIST_KEY_UISupportedInterfaceOrientations_iPad = "UIInterfaceOrientationPortrait UIInterfaceOrientationPortraitUpsideDown UIInterfaceOrientationLandscapeLeft UIInterfaceOrientationLandscapeRight";
				INFOPLIST_KEY_UISupportedInterfaceOrientations_iPhone = "UIInterfaceOrientationPortrait UIInterfaceOrientationLandscapeLeft UIInterfaceOrientationLandscapeRight";
				LD_RUNPATH_SEARCH_PATHS = (
					"$(inherited)",
					"@executable_path/Frameworks",
				);
				MARKETING_VERSION = 1.0;
				PRODUCT_BUNDLE_IDENTIFIER = com.BenSeferidis.CryptoAssets;
				PRODUCT_NAME = "$(TARGET_NAME)";
				SWIFT_EMIT_LOC_STRINGS = YES;
				SWIFT_VERSION = 5.0;
				TARGETED_DEVICE_FAMILY = "1,2";
			};
			name = Debug;
		};
		3ED18DD528F43D430034E777 /* Release */ = {
			isa = XCBuildConfiguration;
			buildSettings = {
				ASSETCATALOG_COMPILER_APPICON_NAME = AppIcon;
				ASSETCATALOG_COMPILER_GLOBAL_ACCENT_COLOR_NAME = AccentColor;
				CODE_SIGN_STYLE = Automatic;
				CURRENT_PROJECT_VERSION = 1;
				DEVELOPMENT_TEAM = T9HZSHQT3J;
				GENERATE_INFOPLIST_FILE = YES;
				INFOPLIST_FILE = CryptoAssets/Info.plist;
				INFOPLIST_KEY_UIApplicationSupportsIndirectInputEvents = YES;
				INFOPLIST_KEY_UILaunchStoryboardName = LaunchScreen;
				INFOPLIST_KEY_UIMainStoryboardFile = Main;
				INFOPLIST_KEY_UISupportedInterfaceOrientations_iPad = "UIInterfaceOrientationPortrait UIInterfaceOrientationPortraitUpsideDown UIInterfaceOrientationLandscapeLeft UIInterfaceOrientationLandscapeRight";
				INFOPLIST_KEY_UISupportedInterfaceOrientations_iPhone = "UIInterfaceOrientationPortrait UIInterfaceOrientationLandscapeLeft UIInterfaceOrientationLandscapeRight";
				LD_RUNPATH_SEARCH_PATHS = (
					"$(inherited)",
					"@executable_path/Frameworks",
				);
				MARKETING_VERSION = 1.0;
				PRODUCT_BUNDLE_IDENTIFIER = com.BenSeferidis.CryptoAssets;
				PRODUCT_NAME = "$(TARGET_NAME)";
				SWIFT_EMIT_LOC_STRINGS = YES;
				SWIFT_VERSION = 5.0;
				TARGETED_DEVICE_FAMILY = "1,2";
			};
			name = Release;
		};
/* End XCBuildConfiguration section */

/* Begin XCConfigurationList section */
		3ED18DBA28F43D410034E777 /* Build configuration list for PBXProject "CryptoAssets" */ = {
			isa = XCConfigurationList;
			buildConfigurations = (
				3ED18DD128F43D430034E777 /* Debug */,
				3ED18DD228F43D430034E777 /* Release */,
			);
			defaultConfigurationIsVisible = 0;
			defaultConfigurationName = Release;
		};
		3ED18DD328F43D430034E777 /* Build configuration list for PBXNativeTarget "CryptoAssets" */ = {
			isa = XCConfigurationList;
			buildConfigurations = (
				3ED18DD428F43D430034E777 /* Debug */,
				3ED18DD528F43D430034E777 /* Release */,
			);
			defaultConfigurationIsVisible = 0;
			defaultConfigurationName = Release;
		};
/* End XCConfigurationList section */
	};
	rootObject = 3ED18DB728F43D410034E777 /* Project object */;
}
